// !$*UTF8*$!
{
	archiveVersion = 1;
	classes = {
	};
	objectVersion = 48;
	objects = {

/* Begin PBXBuildFile section */
		D2CB82EB1F74BE04005FD8F1 /* AppDelegate.m in Sources */ = {isa = PBXBuildFile; fileRef = D2CB82EA1F74BE04005FD8F1 /* AppDelegate.m */; };
		D2CB82EE1F74BE04005FD8F1 /* ViewController.m in Sources */ = {isa = PBXBuildFile; fileRef = D2CB82ED1F74BE04005FD8F1 /* ViewController.m */; };
		D2CB82F11F74BE04005FD8F1 /* Main.storyboard in Resources */ = {isa = PBXBuildFile; fileRef = D2CB82EF1F74BE04005FD8F1 /* Main.storyboard */; };
		D2CB82F31F74BE04005FD8F1 /* Assets.xcassets in Resources */ = {isa = PBXBuildFile; fileRef = D2CB82F21F74BE04005FD8F1 /* Assets.xcassets */; };
		D2CB82F61F74BE04005FD8F1 /* LaunchScreen.storyboard in Resources */ = {isa = PBXBuildFile; fileRef = D2CB82F41F74BE04005FD8F1 /* LaunchScreen.storyboard */; };
		D2CB82F91F74BE04005FD8F1 /* main.m in Sources */ = {isa = PBXBuildFile; fileRef = D2CB82F81F74BE04005FD8F1 /* main.m */; };
		D2CB83021F74BE3D005FD8F1 /* LongRequest.m in Sources */ = {isa = PBXBuildFile; fileRef = D2CB83011F74BE3D005FD8F1 /* LongRequest.m */; };
/* End PBXBuildFile section */

/* Begin PBXFileReference section */
		D2CB82E61F74BE03005FD8F1 /* Demo.app */ = {isa = PBXFileReference; explicitFileType = wrapper.application; includeInIndex = 0; path = Demo.app; sourceTree = BUILT_PRODUCTS_DIR; };
		D2CB82E91F74BE04005FD8F1 /* AppDelegate.h */ = {isa = PBXFileReference; lastKnownFileType = sourcecode.c.h; path = AppDelegate.h; sourceTree = "<group>"; };
		D2CB82EA1F74BE04005FD8F1 /* AppDelegate.m */ = {isa = PBXFileReference; lastKnownFileType = sourcecode.c.objc; path = AppDelegate.m; sourceTree = "<group>"; };
		D2CB82EC1F74BE04005FD8F1 /* ViewController.h */ = {isa = PBXFileReference; lastKnownFileType = sourcecode.c.h; path = ViewController.h; sourceTree = "<group>"; };
		D2CB82ED1F74BE04005FD8F1 /* ViewController.m */ = {isa = PBXFileReference; lastKnownFileType = sourcecode.c.objc; path = ViewController.m; sourceTree = "<group>"; };
		D2CB82F01F74BE04005FD8F1 /* Base */ = {isa = PBXFileReference; lastKnownFileType = file.storyboard; name = Base; path = Base.lproj/Main.storyboard; sourceTree = "<group>"; };
		D2CB82F21F74BE04005FD8F1 /* Assets.xcassets */ = {isa = PBXFileReference; lastKnownFileType = folder.assetcatalog; path = Assets.xcassets; sourceTree = "<group>"; };
		D2CB82F51F74BE04005FD8F1 /* Base */ = {isa = PBXFileReference; lastKnownFileType = file.storyboard; name = Base; path = Base.lproj/LaunchScreen.storyboard; sourceTree = "<group>"; };
		D2CB82F71F74BE04005FD8F1 /* Info.plist */ = {isa = PBXFileReference; lastKnownFileType = text.plist.xml; path = Info.plist; sourceTree = "<group>"; };
		D2CB82F81F74BE04005FD8F1 /* main.m */ = {isa = PBXFileReference; lastKnownFileType = sourcecode.c.objc; path = main.m; sourceTree = "<group>"; };
		D2CB83001F74BE3D005FD8F1 /* LongRequest.h */ = {isa = PBXFileReference; lastKnownFileType = sourcecode.c.h; path = LongRequest.h; sourceTree = "<group>"; };
		D2CB83011F74BE3D005FD8F1 /* LongRequest.m */ = {isa = PBXFileReference; lastKnownFileType = sourcecode.c.objc; path = LongRequest.m; sourceTree = "<group>"; };
/* End PBXFileReference section */

/* Begin PBXFrameworksBuildPhase section */
		D2CB82E31F74BE03005FD8F1 /* Frameworks */ = {
			isa = PBXFrameworksBuildPhase;
			buildActionMask = 2147483647;
			files = (
			);
			runOnlyForDeploymentPostprocessing = 0;
		};
/* End PBXFrameworksBuildPhase section */

/* Begin PBXGroup section */
		D2CB82DD1F74BE03005FD8F1 = {
			isa = PBXGroup;
			children = (
				D2CB82FF1F74BE22005FD8F1 /* src */,
				D2CB82E81F74BE04005FD8F1 /* Demo */,
				D2CB82E71F74BE03005FD8F1 /* Products */,
			);
			sourceTree = "<group>";
		};
		D2CB82E71F74BE03005FD8F1 /* Products */ = {
			isa = PBXGroup;
			children = (
				D2CB82E61F74BE03005FD8F1 /* Demo.app */,
			);
			name = Products;
			sourceTree = "<group>";
		};
		D2CB82E81F74BE04005FD8F1 /* Demo */ = {
			isa = PBXGroup;
			children = (
				D2CB82E91F74BE04005FD8F1 /* AppDelegate.h */,
				D2CB82EA1F74BE04005FD8F1 /* AppDelegate.m */,
				D2CB82EC1F74BE04005FD8F1 /* ViewController.h */,
				D2CB82ED1F74BE04005FD8F1 /* ViewController.m */,
				D2CB82EF1F74BE04005FD8F1 /* Main.storyboard */,
				D2CB82F21F74BE04005FD8F1 /* Assets.xcassets */,
				D2CB82F41F74BE04005FD8F1 /* LaunchScreen.storyboard */,
				D2CB82F71F74BE04005FD8F1 /* Info.plist */,
				D2CB82F81F74BE04005FD8F1 /* main.m */,
			);
			path = Demo;
			sourceTree = "<group>";
		};
		D2CB82FF1F74BE22005FD8F1 /* src */ = {
			isa = PBXGroup;
			children = (
				D2CB83001F74BE3D005FD8F1 /* LongRequest.h */,
				D2CB83011F74BE3D005FD8F1 /* LongRequest.m */,
			);
			name = src;
			path = ../src;
			sourceTree = "<group>";
		};
/* End PBXGroup section */

/* Begin PBXNativeTarget section */
		D2CB82E51F74BE03005FD8F1 /* Demo */ = {
			isa = PBXNativeTarget;
			buildConfigurationList = D2CB82FC1F74BE04005FD8F1 /* Build configuration list for PBXNativeTarget "Demo" */;
			buildPhases = (
				D2CB82E21F74BE03005FD8F1 /* Sources */,
				D2CB82E31F74BE03005FD8F1 /* Frameworks */,
				D2CB82E41F74BE03005FD8F1 /* Resources */,
			);
			buildRules = (
			);
			dependencies = (
			);
			name = Demo;
			productName = Demo;
			productReference = D2CB82E61F74BE03005FD8F1 /* Demo.app */;
			productType = "com.apple.product-type.application";
		};
/* End PBXNativeTarget section */

/* Begin PBXProject section */
		D2CB82DE1F74BE03005FD8F1 /* Project object */ = {
			isa = PBXProject;
			attributes = {
				LastUpgradeCheck = 0900;
				ORGANIZATIONNAME = zilong.li;
				TargetAttributes = {
					D2CB82E51F74BE03005FD8F1 = {
						CreatedOnToolsVersion = 9.0;
						ProvisioningStyle = Automatic;
					};
				};
			};
			buildConfigurationList = D2CB82E11F74BE03005FD8F1 /* Build configuration list for PBXProject "Demo" */;
			compatibilityVersion = "Xcode 8.0";
			developmentRegion = en;
			hasScannedForEncodings = 0;
			knownRegions = (
				en,
				Base,
			);
			mainGroup = D2CB82DD1F74BE03005FD8F1;
			productRefGroup = D2CB82E71F74BE03005FD8F1 /* Products */;
			projectDirPath = "";
			projectRoot = "";
			targets = (
				D2CB82E51F74BE03005FD8F1 /* Demo */,
			);
		};
/* End PBXProject section */

/* Begin PBXResourcesBuildPhase section */
		D2CB82E41F74BE03005FD8F1 /* Resources */ = {
			isa = PBXResourcesBuildPhase;
			buildActionMask = 2147483647;
			files = (
				D2CB82F61F74BE04005FD8F1 /* LaunchScreen.storyboard in Resources */,
				D2CB82F31F74BE04005FD8F1 /* Assets.xcassets in Resources */,
				D2CB82F11F74BE04005FD8F1 /* Main.storyboard in Resources */,
			);
			runOnlyForDeploymentPostprocessing = 0;
		};
/* End PBXResourcesBuildPhase section */

/* Begin PBXSourcesBuildPhase section */
		D2CB82E21F74BE03005FD8F1 /* Sources */ = {
			isa = PBXSourcesBuildPhase;
			buildActionMask = 2147483647;
			files = (
				D2CB82EE1F74BE04005FD8F1 /* ViewController.m in Sources */,
				D2CB83021F74BE3D005FD8F1 /* LongRequest.m in Sources */,
				D2CB82F91F74BE04005FD8F1 /* main.m in Sources */,
				D2CB82EB1F74BE04005FD8F1 /* AppDelegate.m in Sources */,
			);
			runOnlyForDeploymentPostprocessing = 0;
		};
/* End PBXSourcesBuildPhase section */

/* Begin PBXVariantGroup section */
		D2CB82EF1F74BE04005FD8F1 /* Main.storyboard */ = {
			isa = PBXVariantGroup;
			children = (
				D2CB82F01F74BE04005FD8F1 /* Base */,
			);
			name = Main.storyboard;
			sourceTree = "<group>";
		};
		D2CB82F41F74BE04005FD8F1 /* LaunchScreen.storyboard */ = {
			isa = PBXVariantGroup;
			children = (
				D2CB82F51F74BE04005FD8F1 /* Base */,
			);
			name = LaunchScreen.storyboard;
			sourceTree = "<group>";
		};
/* End PBXVariantGroup section */

/* Begin XCBuildConfiguration section */
		D2CB82FA1F74BE04005FD8F1 /* Debug */ = {
			isa = XCBuildConfiguration;
			buildSettings = {
				ALWAYS_SEARCH_USER_PATHS = NO;
				CLANG_ANALYZER_NONNULL = YES;
				CLANG_ANALYZER_NUMBER_OBJECT_CONVERSION = YES_AGGRESSIVE;
				CLANG_CXX_LANGUAGE_STANDARD = "gnu++14";
				CLANG_CXX_LIBRARY = "libc++";
				CLANG_ENABLE_MODULES = YES;
				CLANG_ENABLE_OBJC_ARC = YES;
				CLANG_WARN_BLOCK_CAPTURE_AUTORELEASING = YES;
				CLANG_WARN_BOOL_CONVERSION = YES;
				CLANG_WARN_COMMA = YES;
				CLANG_WARN_CONSTANT_CONVERSION = YES;
				CLANG_WARN_DIRECT_OBJC_ISA_USAGE = YES_ERROR;
				CLANG_WARN_DOCUMENTATION_COMMENTS = YES;
				CLANG_WARN_EMPTY_BODY = YES;
				CLANG_WARN_ENUM_CONVERSION = YES;
				CLANG_WARN_INFINITE_RECURSION = YES;
				CLANG_WARN_INT_CONVERSION = YES;
				CLANG_WARN_NON_LITERAL_NULL_CONVERSION = YES;
				CLANG_WARN_OBJC_LITERAL_CONVERSION = YES;
				CLANG_WARN_OBJC_ROOT_CLASS = YES_ERROR;
				CLANG_WARN_RANGE_LOOP_ANALYSIS = YES;
				CLANG_WARN_STRICT_PROTOTYPES = YES;
				CLANG_WARN_SUSPICIOUS_MOVE = YES;
				CLANG_WARN_UNGUARDED_AVAILABILITY = YES_AGGRESSIVE;
				CLANG_WARN_UNREACHABLE_CODE = YES;
				CLANG_WARN__DUPLICATE_METHOD_MATCH = YES;
				CODE_SIGN_IDENTITY = "iPhone Developer";
				COPY_PHASE_STRIP = NO;
				DEBUG_INFORMATION_FORMAT = dwarf;
				ENABLE_STRICT_OBJC_MSGSEND = YES;
				ENABLE_TESTABILITY = YES;
				GCC_C_LANGUAGE_STANDARD = gnu11;
				GCC_DYNAMIC_NO_PIC = NO;
				GCC_NO_COMMON_BLOCKS = YES;
				GCC_OPTIMIZATION_LEVEL = 0;
				GCC_PREPROCESSOR_DEFINITIONS = (
					"DEBUG=1",
					"$(inherited)",
				);
				GCC_WARN_64_TO_32_BIT_CONVERSION = YES;
				GCC_WARN_ABOUT_RETURN_TYPE = YES_ERROR;
				GCC_WARN_UNDECLARED_SELECTOR = YES;
				GCC_WARN_UNINITIALIZED_AUTOS = YES_AGGRESSIVE;
				GCC_WARN_UNUSED_FUNCTION = YES;
				GCC_WARN_UNUSED_VARIABLE = YES;
				IPHONEOS_DEPLOYMENT_TARGET = 11.0;
				MTL_ENABLE_DEBUG_INFO = YES;
				ONLY_ACTIVE_ARCH = YES;
				SDKROOT = iphoneos;
			};
			name = Debug;
		};
		D2CB82FB1F74BE04005FD8F1 /* Release */ = {
			isa = XCBuildConfiguration;
			buildSettings = {
				ALWAYS_SEARCH_USER_PATHS = NO;
				CLANG_ANALYZER_NONNULL = YES;
				CLANG_ANALYZER_NUMBER_OBJECT_CONVERSION = YES_AGGRESSIVE;
				CLANG_CXX_LANGUAGE_STANDARD = "gnu++14";
				CLANG_CXX_LIBRARY = "libc++";
				CLANG_ENABLE_MODULES = YES;
				CLANG_ENABLE_OBJC_ARC = YES;
				CLANG_WARN_BLOCK_CAPTURE_AUTORELEASING = YES;
				CLANG_WARN_BOOL_CONVERSION = YES;
				CLANG_WARN_COMMA = YES;
				CLANG_WARN_CONSTANT_CONVERSION = YES;
				CLANG_WARN_DIRECT_OBJC_ISA_USAGE = YES_ERROR;
				CLANG_WARN_DOCUMENTATION_COMMENTS = YES;
				CLANG_WARN_EMPTY_BODY = YES;
				CLANG_WARN_ENUM_CONVERSION = YES;
				CLANG_WARN_INFINITE_RECURSION = YES;
				CLANG_WARN_INT_CONVERSION = YES;
				CLANG_WARN_NON_LITERAL_NULL_CONVERSION = YES;
				CLANG_WARN_OBJC_LITERAL_CONVERSION = YES;
				CLANG_WARN_OBJC_ROOT_CLASS = YES_ERROR;
				CLANG_WARN_RANGE_LOOP_ANALYSIS = YES;
				CLANG_WARN_STRICT_PROTOTYPES = YES;
				CLANG_WARN_SUSPICIOUS_MOVE = YES;
				CLANG_WARN_UNGUARDED_AVAILABILITY = YES_AGGRESSIVE;
				CLANG_WARN_UNREACHABLE_CODE = YES;
				CLANG_WARN__DUPLICATE_METHOD_MATCH = YES;
				CODE_SIGN_IDENTITY = "iPhone Developer";
				COPY_PHASE_STRIP = NO;
				DEBUG_INFORMATION_FORMAT = "dwarf-with-dsym";
				ENABLE_NS_ASSERTIONS = NO;
				ENABLE_STRICT_OBJC_MSGSEND = YES;
				GCC_C_LANGUAGE_STANDARD = gnu11;
				GCC_NO_COMMON_BLOCKS = YES;
				GCC_WARN_64_TO_32_BIT_CONVERSION = YES;
				GCC_WARN_ABOUT_RETURN_TYPE = YES_ERROR;
				GCC_WARN_UNDECLARED_SELECTOR = YES;
				GCC_WARN_UNINITIALIZED_AUTOS = YES_AGGRESSIVE;
				GCC_WARN_UNUSED_FUNCTION = YES;
				GCC_WARN_UNUSED_VARIABLE = YES;
				IPHONEOS_DEPLOYMENT_TARGET = 11.0;
				MTL_ENABLE_DEBUG_INFO = NO;
				SDKROOT = iphoneos;
				VALIDATE_PRODUCT = YES;
			};
			name = Release;
		};
		D2CB82FD1F74BE04005FD8F1 /* Debug */ = {
			isa = XCBuildConfiguration;
			buildSettings = {
				ASSETCATALOG_COMPILER_APPICON_NAME = AppIcon;
				CODE_SIGN_STYLE = Automatic;
				INFOPLIST_FILE = Demo/Info.plist;
				LD_RUNPATH_SEARCH_PATHS = "$(inherited) @executable_path/Frameworks";
				PRODUCT_BUNDLE_IDENTIFIER = com.zilong.Demo;
				PRODUCT_NAME = "$(TARGET_NAME)";
				TARGETED_DEVICE_FAMILY = "1,2";
			};
			name = Debug;
		};
		D2CB82FE1F74BE04005FD8F1 /* Release */ = {
			isa = XCBuildConfiguration;
			buildSettings = {
				ASSETCATALOG_COMPILER_APPICON_NAME = AppIcon;
				CODE_SIGN_STYLE = Automatic;
				INFOPLIST_FILE = Demo/Info.plist;
				LD_RUNPATH_SEARCH_PATHS = "$(inherited) @executable_path/Frameworks";
				PRODUCT_BUNDLE_IDENTIFIER = com.zilong.Demo;
				PRODUCT_NAME = "$(TARGET_NAME)";
				TARGETED_DEVICE_FAMILY = "1,2";
			};
			name = Release;
		};
/* End XCBuildConfiguration section */

/* Begin XCConfigurationList section */
		D2CB82E11F74BE03005FD8F1 /* Build configuration list for PBXProject "Demo" */ = {
			isa = XCConfigurationList;
			buildConfigurations = (
				D2CB82FA1F74BE04005FD8F1 /* Debug */,
				D2CB82FB1F74BE04005FD8F1 /* Release */,
			);
			defaultConfigurationIsVisible = 0;
			defaultConfigurationName = Release;
		};
		D2CB82FC1F74BE04005FD8F1 /* Build configuration list for PBXNativeTarget "Demo" */ = {
			isa = XCConfigurationList;
			buildConfigurations = (
				D2CB82FD1F74BE04005FD8F1 /* Debug */,
				D2CB82FE1F74BE04005FD8F1 /* Release */,
			);
			defaultConfigurationIsVisible = 0;
			defaultConfigurationName = Release;
		};
/* End XCConfigurationList section */
	};
	rootObject = D2CB82DE1F74BE03005FD8F1 /* Project object */;
}
